
Microsoft Visual Studio Solution File, Format Version 12.00
# Visual Studio Version 17
VisualStudioVersion = 17.11.35327.3
MinimumVisualStudioVersion = 10.0.40219.1
Project("{FAE04EC0-301F-11D3-BF4B-00C04F79EFBC}") = "CabRosterWebApp", "CabRosterWebApp.csproj", "{DC159EA5-533D-4D81-9480-8CDB5782B269}"
EndProject
Global
	GlobalSection(SolutionConfigurationPlatforms) = preSolution
		Debug|Any CPU = Debug|Any CPU
		Release|Any CPU = Release|Any CPU
	EndGlobalSection
	GlobalSection(ProjectConfigurationPlatforms) = postSolution
		{DC159EA5-533D-4D81-9480-8CDB5782B269}.Debug|Any CPU.ActiveCfg = Debug|Any CPU
		{DC159EA5-533D-4D81-9480-8CDB5782B269}.Debug|Any CPU.Build.0 = Debug|Any CPU
		{DC159EA5-533D-4D81-9480-8CDB5782B269}.Release|Any CPU.ActiveCfg = Release|Any CPU
		{DC159EA5-533D-4D81-9480-8CDB5782B269}.Release|Any CPU.Build.0 = Release|Any CPU
	EndGlobalSection
	GlobalSection(SolutionProperties) = preSolution
		HideSolutionNode = FALSE
	EndGlobalSection
	GlobalSection(ExtensibilityGlobals) = postSolution
		SolutionGuid = {D774E161-0830-4641-BAFD-0942CBD0B05B}
	EndGlobalSection
EndGlobal
